PODS:
  - GXMasonry (2.1.0)
  - GXVideoPlayer (0.2.9):
    - GXMasonry

DEPENDENCIES:
  - GXVideoPlayer (from `../`)

SPEC REPOS:
  trunk:
    - GXMasonry

EXTERNAL SOURCES:
  GXVideoPlayer:
    :path: "../"

SPEC CHECKSUMS:
  GXMasonry: 0cf681981f960deff6ef78a29e4c98319b903f3a
  GXVideoPlayer: d0ad3e5908bf20717a64537cf048e82f1a90f8d1

PODFILE CHECKSUM: 695c266d65225fea544db583f44445bfa38a8a9f

COCOAPODS: 1.16.2
