PODS:
  - GXVideoPlayer (0.3.2):
    - Masonry
  - Masonry (1.1.0)

DEPENDENCIES:
  - GXVideoPlayer (from `../`)

SPEC REPOS:
  trunk:
    - Masonry

EXTERNAL SOURCES:
  GXVideoPlayer:
    :path: "../"

SPEC CHECKSUMS:
  GXVideoPlayer: 93ffe564b255a7eb94a68a1910eee37a3b18e477
  Masonry: 678fab65091a9290e40e2832a55e7ab731aad201

PODFILE CHECKSUM: c95fbd855aae9033724611e651603d3563c18341

COCOAPODS: 1.16.2
