PODS:
  - GXVideoPlayer (0.1.3):
    - Masonry
  - Masonry (1.1.0)

DEPENDENCIES:
  - GXVideoPlayer (from `../`)

SPEC REPOS:
  trunk:
    - Masonry

EXTERNAL SOURCES:
  GXVideoPlayer:
    :path: "../"

SPEC CHECKSUMS:
  GXVideoPlayer: 828f9a1b2faf7289773171c28f8e6293f5a9dcca
  Masonry: 678fab65091a9290e40e2832a55e7ab731aad201

PODFILE CHECKSUM: 695c266d65225fea544db583f44445bfa38a8a9f

COCOAPODS: 1.14.2
